
Microsoft Visual Studio Solution File, Format Version 12.00
# Visual Studio Version 16
VisualStudioVersion = 16.0.30503.244
MinimumVisualStudioVersion = 10.0.40219.1
Project("{FAE04EC0-301F-11D3-BF4B-00C04F79EFBC}") = "WinProductImage", "WinProductImage\WinProductImage.csproj", "{809C8988-ED90-4DB7-AE94-4655AAFC7D23}"
EndProject
Global
	GlobalSection(SolutionConfigurationPlatforms) = preSolution
		Debug|Any CPU = Debug|Any CPU
		Release|Any CPU = Release|Any CPU
	EndGlobalSection
	GlobalSection(ProjectConfigurationPlatforms) = postSolution
		{809C8988-ED90-4DB7-AE94-4655AAFC7D23}.Debug|Any CPU.ActiveCfg = Debug|Any CPU
		{809C8988-ED90-4DB7-AE94-4655AAFC7D23}.Debug|Any CPU.Build.0 = Debug|Any CPU
		{809C8988-ED90-4DB7-AE94-4655AAFC7D23}.Release|Any CPU.ActiveCfg = Release|Any CPU
		{809C8988-ED90-4DB7-AE94-4655AAFC7D23}.Release|Any CPU.Build.0 = Release|Any CPU
	EndGlobalSection
	GlobalSection(SolutionProperties) = preSolution
		HideSolutionNode = FALSE
	EndGlobalSection
	GlobalSection(ExtensibilityGlobals) = postSolution
		SolutionGuid = {E9D00215-11A6-4A4C-A72E-A09F891D9BCE}
	EndGlobalSection
EndGlobal
